
Microsoft Visual Studio Solution File, Format Version 12.00
# Visual Studio Version 17
VisualStudioVersion = 17.3.32819.101
MinimumVisualStudioVersion = 10.0.40219.1
Project("{888888A0-9F3D-457C-B088-3A5042F75D52}") = "PythonApplication10", "PythonApplication10\PythonApplication10.pyproj", "{86AC5B9B-AA70-4EFB-9D72-ECF222E1E5F4}"
EndProject
Global
	GlobalSection(SolutionConfigurationPlatforms) = preSolution
		Debug|Any CPU = Debug|Any CPU
		Release|Any CPU = Release|Any CPU
	EndGlobalSection
	GlobalSection(ProjectConfigurationPlatforms) = postSolution
		{86AC5B9B-AA70-4EFB-9D72-ECF222E1E5F4}.Debug|Any CPU.ActiveCfg = Debug|Any CPU
		{86AC5B9B-AA70-4EFB-9D72-ECF222E1E5F4}.Release|Any CPU.ActiveCfg = Release|Any CPU
	EndGlobalSection
	GlobalSection(SolutionProperties) = preSolution
		HideSolutionNode = FALSE
	EndGlobalSection
	GlobalSection(ExtensibilityGlobals) = postSolution
		SolutionGuid = {25A2A282-5B91-4E9B-958A-B6F7F7FE896C}
	EndGlobalSection
EndGlobal
