
Microsoft Visual Studio Solution File, Format Version 12.00
# Visual Studio Version 17
VisualStudioVersion = 17.3.32819.101
MinimumVisualStudioVersion = 10.0.40219.1
Project("{888888A0-9F3D-457C-B088-3A5042F75D52}") = "PythonApplication12", "PythonApplication12\PythonApplication12.pyproj", "{E28861D8-A771-4364-B0FD-44B2BF5BF498}"
EndProject
Global
	GlobalSection(SolutionConfigurationPlatforms) = preSolution
		Debug|Any CPU = Debug|Any CPU
		Release|Any CPU = Release|Any CPU
	EndGlobalSection
	GlobalSection(ProjectConfigurationPlatforms) = postSolution
		{E28861D8-A771-4364-B0FD-44B2BF5BF498}.Debug|Any CPU.ActiveCfg = Debug|Any CPU
		{E28861D8-A771-4364-B0FD-44B2BF5BF498}.Release|Any CPU.ActiveCfg = Release|Any CPU
	EndGlobalSection
	GlobalSection(SolutionProperties) = preSolution
		HideSolutionNode = FALSE
	EndGlobalSection
	GlobalSection(ExtensibilityGlobals) = postSolution
		SolutionGuid = {843EF87C-42EC-49BF-8A52-7FCC6B3A7C22}
	EndGlobalSection
EndGlobal
